
Microsoft Visual Studio Solution File, Format Version 12.00
# Visual Studio 15
VisualStudioVersion = 15.0.28307.438
MinimumVisualStudioVersion = 10.0.40219.1
Project("{FAE04EC0-301F-11D3-BF4B-00C04F79EFBC}") = "JsonDemo", "JsonDemo\JsonDemo.csproj", "{33426BD5-E6BF-46EC-939E-D821C1C702F8}"
EndProject
Global
	GlobalSection(SolutionConfigurationPlatforms) = preSolution
		Debug|Any CPU = Debug|Any CPU
		Release|Any CPU = Release|Any CPU
	EndGlobalSection
	GlobalSection(ProjectConfigurationPlatforms) = postSolution
		{33426BD5-E6BF-46EC-939E-D821C1C702F8}.Debug|Any CPU.ActiveCfg = Debug|Any CPU
		{33426BD5-E6BF-46EC-939E-D821C1C702F8}.Debug|Any CPU.Build.0 = Debug|Any CPU
		{33426BD5-E6BF-46EC-939E-D821C1C702F8}.Release|Any CPU.ActiveCfg = Release|Any CPU
		{33426BD5-E6BF-46EC-939E-D821C1C702F8}.Release|Any CPU.Build.0 = Release|Any CPU
	EndGlobalSection
	GlobalSection(SolutionProperties) = preSolution
		HideSolutionNode = FALSE
	EndGlobalSection
	GlobalSection(ExtensibilityGlobals) = postSolution
		SolutionGuid = {0379A633-0925-4722-B2CE-E9785E31FEF4}
	EndGlobalSection
EndGlobal
